
Microsoft Visual Studio Solution File, Format Version 12.00
# Visual Studio 14
VisualStudioVersion = 14.0.25420.1
MinimumVisualStudioVersion = 10.0.40219.1
Project("{FAE04EC0-301F-11D3-BF4B-00C04F79EFBC}") = "Fasetto.Word", "Fasetto.Word\Fasetto.Word.csproj", "{E69312C9-96E1-44CB-8CAA-237E09DFE433}"
EndProject
Project("{FAE04EC0-301F-11D3-BF4B-00C04F79EFBC}") = "Fasetto.Word.Core", "Fasetto.Word.Core\Fasetto.Word.Core.csproj", "{CAC0A047-D879-4A29-8136-BE1E33F5F35C}"
EndProject
Project("{FAE04EC0-301F-11D3-BF4B-00C04F79EFBC}") = "PcPool.DataAccessLayer.PcPoolDBaseModel", "PcPool.DataAccessLayer.PcPoolDBaseModel\PcPool.DataAccessLayer.PcPoolDBaseModel.csproj", "{B96A32E6-10C2-45C4-A2A1-C98FCF811B97}"
EndProject
Project("{FAE04EC0-301F-11D3-BF4B-00C04F79EFBC}") = "PcPool.Inventory.BusinessLayer", "PcPool.Inventory.BusinessLayer\PcPool.Inventory.BusinessLayer.csproj", "{40E009AF-687F-4620-BEF1-10BEF8B8E271}"
EndProject
Project("{FAE04EC0-301F-11D3-BF4B-00C04F79EFBC}") = "PcPool.Inventory.Model", "PcPool.Inventory.Model\PcPool.Inventory.Model.csproj", "{FC5453F7-214D-4C93-8C72-A71EC9E6D58B}"
EndProject
Global
	GlobalSection(SolutionConfigurationPlatforms) = preSolution
		Debug|Any CPU = Debug|Any CPU
		Release|Any CPU = Release|Any CPU
	EndGlobalSection
	GlobalSection(ProjectConfigurationPlatforms) = postSolution
		{E69312C9-96E1-44CB-8CAA-237E09DFE433}.Debug|Any CPU.ActiveCfg = Debug|Any CPU
		{E69312C9-96E1-44CB-8CAA-237E09DFE433}.Debug|Any CPU.Build.0 = Debug|Any CPU
		{E69312C9-96E1-44CB-8CAA-237E09DFE433}.Release|Any CPU.ActiveCfg = Release|Any CPU
		{E69312C9-96E1-44CB-8CAA-237E09DFE433}.Release|Any CPU.Build.0 = Release|Any CPU
		{CAC0A047-D879-4A29-8136-BE1E33F5F35C}.Debug|Any CPU.ActiveCfg = Debug|Any CPU
		{CAC0A047-D879-4A29-8136-BE1E33F5F35C}.Debug|Any CPU.Build.0 = Debug|Any CPU
		{CAC0A047-D879-4A29-8136-BE1E33F5F35C}.Release|Any CPU.ActiveCfg = Release|Any CPU
		{CAC0A047-D879-4A29-8136-BE1E33F5F35C}.Release|Any CPU.Build.0 = Release|Any CPU
		{B96A32E6-10C2-45C4-A2A1-C98FCF811B97}.Debug|Any CPU.ActiveCfg = Debug|Any CPU
		{B96A32E6-10C2-45C4-A2A1-C98FCF811B97}.Debug|Any CPU.Build.0 = Debug|Any CPU
		{B96A32E6-10C2-45C4-A2A1-C98FCF811B97}.Release|Any CPU.ActiveCfg = Release|Any CPU
		{B96A32E6-10C2-45C4-A2A1-C98FCF811B97}.Release|Any CPU.Build.0 = Release|Any CPU
		{40E009AF-687F-4620-BEF1-10BEF8B8E271}.Debug|Any CPU.ActiveCfg = Debug|Any CPU
		{40E009AF-687F-4620-BEF1-10BEF8B8E271}.Debug|Any CPU.Build.0 = Debug|Any CPU
		{40E009AF-687F-4620-BEF1-10BEF8B8E271}.Release|Any CPU.ActiveCfg = Release|Any CPU
		{40E009AF-687F-4620-BEF1-10BEF8B8E271}.Release|Any CPU.Build.0 = Release|Any CPU
		{FC5453F7-214D-4C93-8C72-A71EC9E6D58B}.Debug|Any CPU.ActiveCfg = Debug|Any CPU
		{FC5453F7-214D-4C93-8C72-A71EC9E6D58B}.Debug|Any CPU.Build.0 = Debug|Any CPU
		{FC5453F7-214D-4C93-8C72-A71EC9E6D58B}.Release|Any CPU.ActiveCfg = Release|Any CPU
		{FC5453F7-214D-4C93-8C72-A71EC9E6D58B}.Release|Any CPU.Build.0 = Release|Any CPU
	EndGlobalSection
	GlobalSection(SolutionProperties) = preSolution
		HideSolutionNode = FALSE
	EndGlobalSection
EndGlobal
